<?xml version="1.0" encoding="UTF-8"?>
<CodeBlocks_project_file>
	<FileVersion major="1" minor="6"/>
	<Project>
		<Option title="HEXAGONHYDRO"/>
		<Option makefile_is_custom="1"/>
		<Option compiler="gcc"/>
		<Option virtualFolders="CMake Files\;"/>
		<Build>
			<Target title="all">
				<Option working_dir="/Users/changliao/workspace/cplus/hexagonhydro/hexagonhydro/src"/>
				<Option type="4"/>
				<MakeCommands>
					<Build command="/usr/bin/make -f &quot;/Users/changliao/workspace/cplus/hexagonhydro/hexagonhydro/src/Makefile&quot;  VERBOSE=1 all"/>
					<CompileFile command="/usr/bin/make -f &quot;/Users/changliao/workspace/cplus/hexagonhydro/hexagonhydro/src/Makefile&quot;  VERBOSE=1 &quot;$file&quot;"/>
					<Clean command="/usr/bin/make -f &quot;/Users/changliao/workspace/cplus/hexagonhydro/hexagonhydro/src/Makefile&quot;  VERBOSE=1 clean"/>
					<DistClean command="/usr/bin/make -f &quot;/Users/changliao/workspace/cplus/hexagonhydro/hexagonhydro/src/Makefile&quot;  VERBOSE=1 clean"/>
				</MakeCommands>
			</Target>
			<Target title="install/local">
				<Option working_dir="/Users/changliao/workspace/cplus/hexagonhydro/hexagonhydro/src"/>
				<Option type="4"/>
				<MakeCommands>
					<Build command="/usr/bin/make -f &quot;/Users/changliao/workspace/cplus/hexagonhydro/hexagonhydro/src/Makefile&quot;  VERBOSE=1 install/local"/>
					<CompileFile command="/usr/bin/make -f &quot;/Users/changliao/workspace/cplus/hexagonhydro/hexagonhydro/src/Makefile&quot;  VERBOSE=1 &quot;$file&quot;"/>
					<Clean command="/usr/bin/make -f &quot;/Users/changliao/workspace/cplus/hexagonhydro/hexagonhydro/src/Makefile&quot;  VERBOSE=1 clean"/>
					<DistClean command="/usr/bin/make -f &quot;/Users/changliao/workspace/cplus/hexagonhydro/hexagonhydro/src/Makefile&quot;  VERBOSE=1 clean"/>
				</MakeCommands>
			</Target>
			<Target title="install/strip">
				<Option working_dir="/Users/changliao/workspace/cplus/hexagonhydro/hexagonhydro/src"/>
				<Option type="4"/>
				<MakeCommands>
					<Build command="/usr/bin/make -f &quot;/Users/changliao/workspace/cplus/hexagonhydro/hexagonhydro/src/Makefile&quot;  VERBOSE=1 install/strip"/>
					<CompileFile command="/usr/bin/make -f &quot;/Users/changliao/workspace/cplus/hexagonhydro/hexagonhydro/src/Makefile&quot;  VERBOSE=1 &quot;$file&quot;"/>
					<Clean command="/usr/bin/make -f &quot;/Users/changliao/workspace/cplus/hexagonhydro/hexagonhydro/src/Makefile&quot;  VERBOSE=1 clean"/>
					<DistClean command="/usr/bin/make -f &quot;/Users/changliao/workspace/cplus/hexagonhydro/hexagonhydro/src/Makefile&quot;  VERBOSE=1 clean"/>
				</MakeCommands>
			</Target>
			<Target title="install">
				<Option working_dir="/Users/changliao/workspace/cplus/hexagonhydro/hexagonhydro/src"/>
				<Option type="4"/>
				<MakeCommands>
					<Build command="/usr/bin/make -f &quot;/Users/changliao/workspace/cplus/hexagonhydro/hexagonhydro/src/Makefile&quot;  VERBOSE=1 install"/>
					<CompileFile command="/usr/bin/make -f &quot;/Users/changliao/workspace/cplus/hexagonhydro/hexagonhydro/src/Makefile&quot;  VERBOSE=1 &quot;$file&quot;"/>
					<Clean command="/usr/bin/make -f &quot;/Users/changliao/workspace/cplus/hexagonhydro/hexagonhydro/src/Makefile&quot;  VERBOSE=1 clean"/>
					<DistClean command="/usr/bin/make -f &quot;/Users/changliao/workspace/cplus/hexagonhydro/hexagonhydro/src/Makefile&quot;  VERBOSE=1 clean"/>
				</MakeCommands>
			</Target>
			<Target title="list_install_components">
				<Option working_dir="/Users/changliao/workspace/cplus/hexagonhydro/hexagonhydro/src"/>
				<Option type="4"/>
				<MakeCommands>
					<Build command="/usr/bin/make -f &quot;/Users/changliao/workspace/cplus/hexagonhydro/hexagonhydro/src/Makefile&quot;  VERBOSE=1 list_install_components"/>
					<CompileFile command="/usr/bin/make -f &quot;/Users/changliao/workspace/cplus/hexagonhydro/hexagonhydro/src/Makefile&quot;  VERBOSE=1 &quot;$file&quot;"/>
					<Clean command="/usr/bin/make -f &quot;/Users/changliao/workspace/cplus/hexagonhydro/hexagonhydro/src/Makefile&quot;  VERBOSE=1 clean"/>
					<DistClean command="/usr/bin/make -f &quot;/Users/changliao/workspace/cplus/hexagonhydro/hexagonhydro/src/Makefile&quot;  VERBOSE=1 clean"/>
				</MakeCommands>
			</Target>
			<Target title="rebuild_cache">
				<Option working_dir="/Users/changliao/workspace/cplus/hexagonhydro/hexagonhydro/src"/>
				<Option type="4"/>
				<MakeCommands>
					<Build command="/usr/bin/make -f &quot;/Users/changliao/workspace/cplus/hexagonhydro/hexagonhydro/src/Makefile&quot;  VERBOSE=1 rebuild_cache"/>
					<CompileFile command="/usr/bin/make -f &quot;/Users/changliao/workspace/cplus/hexagonhydro/hexagonhydro/src/Makefile&quot;  VERBOSE=1 &quot;$file&quot;"/>
					<Clean command="/usr/bin/make -f &quot;/Users/changliao/workspace/cplus/hexagonhydro/hexagonhydro/src/Makefile&quot;  VERBOSE=1 clean"/>
					<DistClean command="/usr/bin/make -f &quot;/Users/changliao/workspace/cplus/hexagonhydro/hexagonhydro/src/Makefile&quot;  VERBOSE=1 clean"/>
				</MakeCommands>
			</Target>
			<Target title="edit_cache">
				<Option working_dir="/Users/changliao/workspace/cplus/hexagonhydro/hexagonhydro/src"/>
				<Option type="4"/>
				<MakeCommands>
					<Build command="/usr/bin/make -f &quot;/Users/changliao/workspace/cplus/hexagonhydro/hexagonhydro/src/Makefile&quot;  VERBOSE=1 edit_cache"/>
					<CompileFile command="/usr/bin/make -f &quot;/Users/changliao/workspace/cplus/hexagonhydro/hexagonhydro/src/Makefile&quot;  VERBOSE=1 &quot;$file&quot;"/>
					<Clean command="/usr/bin/make -f &quot;/Users/changliao/workspace/cplus/hexagonhydro/hexagonhydro/src/Makefile&quot;  VERBOSE=1 clean"/>
					<DistClean command="/usr/bin/make -f &quot;/Users/changliao/workspace/cplus/hexagonhydro/hexagonhydro/src/Makefile&quot;  VERBOSE=1 clean"/>
				</MakeCommands>
			</Target>
			<Target title="HEXAGONHYDRO">
				<Option output="/Users/changliao/workspace/cplus/hexagonhydro/hexagonhydro/src/HEXAGONHYDRO" prefix_auto="0" extension_auto="0"/>
				<Option working_dir="/Users/changliao/workspace/cplus/hexagonhydro/hexagonhydro/src"/>
				<Option object_output="./"/>
				<Option type="1"/>
				<Option compiler="gcc"/>
				<Compiler/>
				<MakeCommands>
					<Build command="/usr/bin/make -f &quot;/Users/changliao/workspace/cplus/hexagonhydro/hexagonhydro/src/Makefile&quot;  VERBOSE=1 HEXAGONHYDRO"/>
					<CompileFile command="/usr/bin/make -f &quot;/Users/changliao/workspace/cplus/hexagonhydro/hexagonhydro/src/Makefile&quot;  VERBOSE=1 &quot;$file&quot;"/>
					<Clean command="/usr/bin/make -f &quot;/Users/changliao/workspace/cplus/hexagonhydro/hexagonhydro/src/Makefile&quot;  VERBOSE=1 clean"/>
					<DistClean command="/usr/bin/make -f &quot;/Users/changliao/workspace/cplus/hexagonhydro/hexagonhydro/src/Makefile&quot;  VERBOSE=1 clean"/>
				</MakeCommands>
			</Target>
			<Target title="HEXAGONHYDRO/fast">
				<Option output="/Users/changliao/workspace/cplus/hexagonhydro/hexagonhydro/src/HEXAGONHYDRO" prefix_auto="0" extension_auto="0"/>
				<Option working_dir="/Users/changliao/workspace/cplus/hexagonhydro/hexagonhydro/src"/>
				<Option object_output="./"/>
				<Option type="1"/>
				<Option compiler="gcc"/>
				<Compiler/>
				<MakeCommands>
					<Build command="/usr/bin/make -f &quot;/Users/changliao/workspace/cplus/hexagonhydro/hexagonhydro/src/Makefile&quot;  VERBOSE=1 HEXAGONHYDRO/fast"/>
					<CompileFile command="/usr/bin/make -f &quot;/Users/changliao/workspace/cplus/hexagonhydro/hexagonhydro/src/Makefile&quot;  VERBOSE=1 &quot;$file&quot;"/>
					<Clean command="/usr/bin/make -f &quot;/Users/changliao/workspace/cplus/hexagonhydro/hexagonhydro/src/Makefile&quot;  VERBOSE=1 clean"/>
					<DistClean command="/usr/bin/make -f &quot;/Users/changliao/workspace/cplus/hexagonhydro/hexagonhydro/src/Makefile&quot;  VERBOSE=1 clean"/>
				</MakeCommands>
			</Target>
		</Build>
		<Unit filename="/Users/changliao/workspace/cplus/hexagonhydro/hexagonhydro/src/cell.cpp">
			<Option target="HEXAGONHYDRO"/>
		</Unit>
		<Unit filename="/Users/changliao/workspace/cplus/hexagonhydro/hexagonhydro/src/cell.h">
			<Option target="HEXAGONHYDRO"/>
		</Unit>
		<Unit filename="/Users/changliao/workspace/cplus/hexagonhydro/hexagonhydro/src/data.cpp">
			<Option target="HEXAGONHYDRO"/>
		</Unit>
		<Unit filename="/Users/changliao/workspace/cplus/hexagonhydro/hexagonhydro/src/data.h">
			<Option target="HEXAGONHYDRO"/>
		</Unit>
		<Unit filename="/Users/changliao/workspace/cplus/hexagonhydro/hexagonhydro/src/depression.cpp">
			<Option target="HEXAGONHYDRO"/>
		</Unit>
		<Unit filename="/Users/changliao/workspace/cplus/hexagonhydro/hexagonhydro/src/depression.h">
			<Option target="HEXAGONHYDRO"/>
		</Unit>
		<Unit filename="/Users/changliao/workspace/cplus/hexagonhydro/hexagonhydro/src/domain.cpp">
			<Option target="HEXAGONHYDRO"/>
		</Unit>
		<Unit filename="/Users/changliao/workspace/cplus/hexagonhydro/hexagonhydro/src/domain.h">
			<Option target="HEXAGONHYDRO"/>
		</Unit>
		<Unit filename="/Users/changliao/workspace/cplus/hexagonhydro/hexagonhydro/src/global.cpp">
			<Option target="HEXAGONHYDRO"/>
		</Unit>
		<Unit filename="/Users/changliao/workspace/cplus/hexagonhydro/hexagonhydro/src/global.h">
			<Option target="HEXAGONHYDRO"/>
		</Unit>
		<Unit filename="/Users/changliao/workspace/cplus/hexagonhydro/hexagonhydro/src/main.cpp">
			<Option target="HEXAGONHYDRO"/>
		</Unit>
		<Unit filename="/Users/changliao/workspace/cplus/hexagonhydro/hexagonhydro/src/system.cpp">
			<Option target="HEXAGONHYDRO"/>
		</Unit>
		<Unit filename="/Users/changliao/workspace/cplus/hexagonhydro/hexagonhydro/src/system.h">
			<Option target="HEXAGONHYDRO"/>
		</Unit>
		<Unit filename="/Users/changliao/workspace/cplus/hexagonhydro/hexagonhydro/src/watershed.cpp">
			<Option target="HEXAGONHYDRO"/>
		</Unit>
		<Unit filename="/Users/changliao/workspace/cplus/hexagonhydro/hexagonhydro/src/watershed.h">
			<Option target="HEXAGONHYDRO"/>
		</Unit>
		<Unit filename="/Users/changliao/workspace/cplus/hexagonhydro/hexagonhydro/src/CMakeLists.txt">
			<Option virtualFolder="CMake Files\"/>
		</Unit>
	</Project>
</CodeBlocks_project_file>
